{
  "name": "vx-chrome",
  "version": "0.6.0",
  "lockfileVersion": 2,
  "requires": true,
  "packages": {
    "": {
      "name": "vx-chrome",
      "version": "0.6.0",
      "devDependencies": {
        "@types/chrome": "^0.0.203",
        "create-vite": "^3.2.1"
      }
    },
    "node_modules/@types/chrome": {
      "version": "0.0.203",
      "resolved": "https://registry.npmjs.org/@types/chrome/-/chrome-0.0.203.tgz",
      "integrity": "sha512-JlQNebwpBETVc8U1Rr2inDFuOTtn0lahRAhnddx1dd0S5RrLAFJEEsyIu7AXI14mkCgSunksnuLGioH8kvBqRA==",
      "dev": true,
      "dependencies": {
        "@types/filesystem": "*",
        "@types/har-format": "*"
      }
    },
    "node_modules/@types/filesystem": {
      "version": "0.0.32",
      "resolved": "https://registry.npmjs.org/@types/filesystem/-/filesystem-0.0.32.tgz",
      "integrity": "sha512-Yuf4jR5YYMR2DVgwuCiP11s0xuVRyPKmz8vo6HBY3CGdeMj8af93CFZX+T82+VD1+UqHOxTq31lO7MI7lepBtQ==",
      "dev": true,
      "dependencies": {
        "@types/filewriter": "*"
      }
    },
    "node_modules/@types/filewriter": {
      "version": "0.0.29",
      "resolved": "https://registry.npmjs.org/@types/filewriter/-/filewriter-0.0.29.tgz",
      "integrity": "sha512-BsPXH/irW0ht0Ji6iw/jJaK8Lj3FJemon2gvEqHKpCdDCeemHa+rI3WBGq5z7cDMZgoLjY40oninGxqk+8NzNQ==",
      "dev": true
    },
    "node_modules/@types/har-format": {
      "version": "1.2.10",
      "resolved": "https://registry.npmjs.org/@types/har-format/-/har-format-1.2.10.tgz",
      "integrity": "sha512-o0J30wqycjF5miWDKYKKzzOU1ZTLuA42HZ4HE7/zqTOc/jTLdQ5NhYWvsRQo45Nfi1KHoRdNhteSI4BAxTF1Pg==",
      "dev": true
    },
    "node_modules/create-vite": {
      "version": "3.2.1",
      "resolved": "https://registry.npmjs.org/create-vite/-/create-vite-3.2.1.tgz",
      "integrity": "sha512-/VGNmHzr1NhOIrd4XM4wqsdLc7C2zdtihOo9sZPKu/bY9XqWbwTG5IxevJ/z8P9w4RrqpwaHY09WH0ZPBUPCXQ==",
      "dev": true,
      "bin": {
        "create-vite": "index.js",
        "cva": "index.js"
      },
      "engines": {
        "node": "^14.18.0 || >=16.0.0"
      }
    }
  },
  "dependencies": {
    "@types/chrome": {
      "version": "0.0.203",
      "resolved": "https://registry.npmjs.org/@types/chrome/-/chrome-0.0.203.tgz",
      "integrity": "sha512-JlQNebwpBETVc8U1Rr2inDFuOTtn0lahRAhnddx1dd0S5RrLAFJEEsyIu7AXI14mkCgSunksnuLGioH8kvBqRA==",
      "dev": true,
      "requires": {
        "@types/filesystem": "*",
        "@types/har-format": "*"
      }
    },
    "@types/filesystem": {
      "version": "0.0.32",
      "resolved": "https://registry.npmjs.org/@types/filesystem/-/filesystem-0.0.32.tgz",
      "integrity": "sha512-Yuf4jR5YYMR2DVgwuCiP11s0xuVRyPKmz8vo6HBY3CGdeMj8af93CFZX+T82+VD1+UqHOxTq31lO7MI7lepBtQ==",
      "dev": true,
      "requires": {
        "@types/filewriter": "*"
      }
    },
    "@types/filewriter": {
      "version": "0.0.29",
      "resolved": "https://registry.npmjs.org/@types/filewriter/-/filewriter-0.0.29.tgz",
      "integrity": "sha512-BsPXH/irW0ht0Ji6iw/jJaK8Lj3FJemon2gvEqHKpCdDCeemHa+rI3WBGq5z7cDMZgoLjY40oninGxqk+8NzNQ==",
      "dev": true
    },
    "@types/har-format": {
      "version": "1.2.10",
      "resolved": "https://registry.npmjs.org/@types/har-format/-/har-format-1.2.10.tgz",
      "integrity": "sha512-o0J30wqycjF5miWDKYKKzzOU1ZTLuA42HZ4HE7/zqTOc/jTLdQ5NhYWvsRQo45Nfi1KHoRdNhteSI4BAxTF1Pg==",
      "dev": true
    },
    "create-vite": {
      "version": "3.2.1",
      "resolved": "https://registry.npmjs.org/create-vite/-/create-vite-3.2.1.tgz",
      "integrity": "sha512-/VGNmHzr1NhOIrd4XM4wqsdLc7C2zdtihOo9sZPKu/bY9XqWbwTG5IxevJ/z8P9w4RrqpwaHY09WH0ZPBUPCXQ==",
      "dev": true
    }
  }
}
