# THIS IS AN AUTOGENERATED FILE. DO NOT EDIT THIS FILE DIRECTLY.
# yarn lockfile v1


"@types/chrome@^0.0.103":
  version "0.0.103"
  resolved "https://registry.yarnpkg.com/@types/chrome/-/chrome-0.0.103.tgz#604f3d94ab4465cc8cde302c4916f4955eb7e8b6"
  integrity sha512-s8So1IG1fIu2dg2MRV3k6W5OjlVaJriNXIxIWDHi+Rdz5dLeuzPKcWzkVlcaVL4gONfn44JKC0RhW+P0UohLfg==
  dependencies:
    "@types/filesystem" "*"
    "@types/har-format" "*"

"@types/filesystem@*":
  version "0.0.29"
  resolved "https://registry.yarnpkg.com/@types/filesystem/-/filesystem-0.0.29.tgz#ee3748eb5be140dcf980c3bd35f11aec5f7a3748"
  integrity sha512-85/1KfRedmfPGsbK8YzeaQUyV1FQAvMPMTuWFQ5EkLd2w7szhNO96bk3Rh/SKmOfd9co2rCLf0Voy4o7ECBOvw==
  dependencies:
    "@types/filewriter" "*"

"@types/filewriter@*":
  version "0.0.28"
  resolved "https://registry.yarnpkg.com/@types/filewriter/-/filewriter-0.0.28.tgz#c054e8af4d9dd75db4e63abc76f885168714d4b3"
  integrity sha1-wFTor02d11205jq8dviFFocU1LM=

"@types/har-format@*":
  version "1.2.4"
  resolved "https://registry.yarnpkg.com/@types/har-format/-/har-format-1.2.4.tgz#3275842095abb60d14b47fa798cc9ff708dab6d4"
  integrity sha512-iUxzm1meBm3stxUMzRqgOVHjj4Kgpgu5w9fm4X7kPRfSgVRzythsucEN7/jtOo8SQzm+HfcxWWzJS0mJDH/3DQ==
